
Microsoft Visual Studio Solution File, Format Version 12.00
# Visual Studio 15
VisualStudioVersion = 15.0.27703.2026
MinimumVisualStudioVersion = 10.0.40219.1
Project("{FAE04EC0-301F-11D3-BF4B-00C04F79EFBC}") = "DomainLayer", "DomainLayer\DomainLayer.csproj", "{AFA5C3CF-BD8C-4CE0-85B2-69692006142E}"
EndProject
Global
	GlobalSection(SolutionConfigurationPlatforms) = preSolution
		Debug|Any CPU = Debug|Any CPU
		Release|Any CPU = Release|Any CPU
	EndGlobalSection
	GlobalSection(ProjectConfigurationPlatforms) = postSolution
		{AFA5C3CF-BD8C-4CE0-85B2-69692006142E}.Debug|Any CPU.ActiveCfg = Debug|Any CPU
		{AFA5C3CF-BD8C-4CE0-85B2-69692006142E}.Debug|Any CPU.Build.0 = Debug|Any CPU
		{AFA5C3CF-BD8C-4CE0-85B2-69692006142E}.Release|Any CPU.ActiveCfg = Release|Any CPU
		{AFA5C3CF-BD8C-4CE0-85B2-69692006142E}.Release|Any CPU.Build.0 = Release|Any CPU
	EndGlobalSection
	GlobalSection(SolutionProperties) = preSolution
		HideSolutionNode = FALSE
	EndGlobalSection
	GlobalSection(ExtensibilityGlobals) = postSolution
		SolutionGuid = {0FBA387A-282A-4DA5-9828-A6E677662440}
	EndGlobalSection
EndGlobal
